
Microsoft Visual Studio Solution File, Format Version 12.00
# Visual Studio Version 17
VisualStudioVersion = 17.7.34221.43
MinimumVisualStudioVersion = 10.0.40219.1
Project("{2150E333-8FDC-42A3-9474-1A3956D46DE8}") = "src", "src", "{FD6A684F-5D1E-4C91-99F4-B8E10BEB06A8}"
EndProject
Project("{2150E333-8FDC-42A3-9474-1A3956D46DE8}") = "CatalogService", "CatalogService", "{8CF9F5A8-6502-41C7-9436-21490A25950D}"
EndProject
Project("{2150E333-8FDC-42A3-9474-1A3956D46DE8}") = "OrderService", "OrderService", "{80AB9A7D-551D-4F9A-91C9-8E901B0ADDEF}"
EndProject
Project("{2150E333-8FDC-42A3-9474-1A3956D46DE8}") = "DiscountService", "DiscountService", "{F46EDAEA-40CA-47F9-9569-27960A2FB386}"
EndProject
Project("{2150E333-8FDC-42A3-9474-1A3956D46DE8}") = "BacketService", "BacketService", "{33256D52-ACCE-4E3F-84E7-7A099250118E}"
EndProject
Project("{FAE04EC0-301F-11D3-BF4B-00C04F79EFBC}") = "Backet.API", "Backet.API\Backet.API.csproj", "{CABD60BD-A4DC-4806-9F3B-4B659677E83B}"
EndProject
Project("{FAE04EC0-301F-11D3-BF4B-00C04F79EFBC}") = "Catalog.API", "Catalog.API\Catalog.API.csproj", "{FCED624E-BA39-43A8-877C-C5FB03960716}"
EndProject
Project("{FAE04EC0-301F-11D3-BF4B-00C04F79EFBC}") = "Discount.API", "Discount.API\Discount.API.csproj", "{E34AF7B2-85BD-4F36-B922-FB492786DC1F}"
EndProject
Project("{FAE04EC0-301F-11D3-BF4B-00C04F79EFBC}") = "Order.API", "Order.API\Order.API.csproj", "{2CF651DA-8675-4EB5-80AD-BC91A3D865C0}"
EndProject
Project("{2150E333-8FDC-42A3-9474-1A3956D46DE8}") = "ApiGateway", "ApiGateway", "{03CA434F-C068-4B2D-B9B9-AFA39F500014}"
EndProject
Project("{FAE04EC0-301F-11D3-BF4B-00C04F79EFBC}") = "ApiGateway.API", "ApiGateway.API\ApiGateway.API.csproj", "{8942EFB2-5BBE-4C45-A990-B1C3AAA68C5A}"
EndProject
Global
	GlobalSection(SolutionConfigurationPlatforms) = preSolution
		Debug|Any CPU = Debug|Any CPU
		Release|Any CPU = Release|Any CPU
	EndGlobalSection
	GlobalSection(ProjectConfigurationPlatforms) = postSolution
		{CABD60BD-A4DC-4806-9F3B-4B659677E83B}.Debug|Any CPU.ActiveCfg = Debug|Any CPU
		{CABD60BD-A4DC-4806-9F3B-4B659677E83B}.Debug|Any CPU.Build.0 = Debug|Any CPU
		{CABD60BD-A4DC-4806-9F3B-4B659677E83B}.Release|Any CPU.ActiveCfg = Release|Any CPU
		{CABD60BD-A4DC-4806-9F3B-4B659677E83B}.Release|Any CPU.Build.0 = Release|Any CPU
		{FCED624E-BA39-43A8-877C-C5FB03960716}.Debug|Any CPU.ActiveCfg = Debug|Any CPU
		{FCED624E-BA39-43A8-877C-C5FB03960716}.Debug|Any CPU.Build.0 = Debug|Any CPU
		{FCED624E-BA39-43A8-877C-C5FB03960716}.Release|Any CPU.ActiveCfg = Release|Any CPU
		{FCED624E-BA39-43A8-877C-C5FB03960716}.Release|Any CPU.Build.0 = Release|Any CPU
		{E34AF7B2-85BD-4F36-B922-FB492786DC1F}.Debug|Any CPU.ActiveCfg = Debug|Any CPU
		{E34AF7B2-85BD-4F36-B922-FB492786DC1F}.Debug|Any CPU.Build.0 = Debug|Any CPU
		{E34AF7B2-85BD-4F36-B922-FB492786DC1F}.Release|Any CPU.ActiveCfg = Release|Any CPU
		{E34AF7B2-85BD-4F36-B922-FB492786DC1F}.Release|Any CPU.Build.0 = Release|Any CPU
		{2CF651DA-8675-4EB5-80AD-BC91A3D865C0}.Debug|Any CPU.ActiveCfg = Debug|Any CPU
		{2CF651DA-8675-4EB5-80AD-BC91A3D865C0}.Debug|Any CPU.Build.0 = Debug|Any CPU
		{2CF651DA-8675-4EB5-80AD-BC91A3D865C0}.Release|Any CPU.ActiveCfg = Release|Any CPU
		{2CF651DA-8675-4EB5-80AD-BC91A3D865C0}.Release|Any CPU.Build.0 = Release|Any CPU
		{8942EFB2-5BBE-4C45-A990-B1C3AAA68C5A}.Debug|Any CPU.ActiveCfg = Debug|Any CPU
		{8942EFB2-5BBE-4C45-A990-B1C3AAA68C5A}.Debug|Any CPU.Build.0 = Debug|Any CPU
		{8942EFB2-5BBE-4C45-A990-B1C3AAA68C5A}.Release|Any CPU.ActiveCfg = Release|Any CPU
		{8942EFB2-5BBE-4C45-A990-B1C3AAA68C5A}.Release|Any CPU.Build.0 = Release|Any CPU
	EndGlobalSection
	GlobalSection(SolutionProperties) = preSolution
		HideSolutionNode = FALSE
	EndGlobalSection
	GlobalSection(NestedProjects) = preSolution
		{8CF9F5A8-6502-41C7-9436-21490A25950D} = {FD6A684F-5D1E-4C91-99F4-B8E10BEB06A8}
		{80AB9A7D-551D-4F9A-91C9-8E901B0ADDEF} = {FD6A684F-5D1E-4C91-99F4-B8E10BEB06A8}
		{F46EDAEA-40CA-47F9-9569-27960A2FB386} = {FD6A684F-5D1E-4C91-99F4-B8E10BEB06A8}
		{33256D52-ACCE-4E3F-84E7-7A099250118E} = {FD6A684F-5D1E-4C91-99F4-B8E10BEB06A8}
		{CABD60BD-A4DC-4806-9F3B-4B659677E83B} = {33256D52-ACCE-4E3F-84E7-7A099250118E}
		{FCED624E-BA39-43A8-877C-C5FB03960716} = {8CF9F5A8-6502-41C7-9436-21490A25950D}
		{E34AF7B2-85BD-4F36-B922-FB492786DC1F} = {F46EDAEA-40CA-47F9-9569-27960A2FB386}
		{2CF651DA-8675-4EB5-80AD-BC91A3D865C0} = {80AB9A7D-551D-4F9A-91C9-8E901B0ADDEF}
		{03CA434F-C068-4B2D-B9B9-AFA39F500014} = {FD6A684F-5D1E-4C91-99F4-B8E10BEB06A8}
		{8942EFB2-5BBE-4C45-A990-B1C3AAA68C5A} = {03CA434F-C068-4B2D-B9B9-AFA39F500014}
	EndGlobalSection
	GlobalSection(ExtensibilityGlobals) = postSolution
		SolutionGuid = {EDEB2C84-9BA2-4931-954F-908825694E64}
	EndGlobalSection
EndGlobal
